
Microsoft Visual Studio Solution File, Format Version 12.00
# Visual Studio Version 16
VisualStudioVersion = 16.0.29613.14
MinimumVisualStudioVersion = 10.0.40219.1
Project("{FAE04EC0-301F-11D3-BF4B-00C04F79EFBC}") = "Requester", "Requester\Requester.csproj", "{4581D6E4-970A-4B5D-94CF-EFB57CD80C1D}"
EndProject
Global
	GlobalSection(SolutionConfigurationPlatforms) = preSolution
		Debug|Any CPU = Debug|Any CPU
		Release|Any CPU = Release|Any CPU
	EndGlobalSection
	GlobalSection(ProjectConfigurationPlatforms) = postSolution
		{4581D6E4-970A-4B5D-94CF-EFB57CD80C1D}.Debug|Any CPU.ActiveCfg = Debug|Any CPU
		{4581D6E4-970A-4B5D-94CF-EFB57CD80C1D}.Debug|Any CPU.Build.0 = Debug|Any CPU
		{4581D6E4-970A-4B5D-94CF-EFB57CD80C1D}.Release|Any CPU.ActiveCfg = Release|Any CPU
		{4581D6E4-970A-4B5D-94CF-EFB57CD80C1D}.Release|Any CPU.Build.0 = Release|Any CPU
	EndGlobalSection
	GlobalSection(SolutionProperties) = preSolution
		HideSolutionNode = FALSE
	EndGlobalSection
	GlobalSection(ExtensibilityGlobals) = postSolution
		SolutionGuid = {639466C4-F93E-42B4-A3E9-C73CAECA7207}
	EndGlobalSection
EndGlobal
